
Microsoft Visual Studio Solution File, Format Version 12.00
# Visual Studio Version 17
VisualStudioVersion = 17.2.32526.322
MinimumVisualStudioVersion = 10.0.40219.1
Project("{9A19103F-16F7-4668-BE54-9A1E7A4F7556}") = "ApiExamples", "ApiExamples\ApiExamples.csproj", "{406E5B7C-ACE3-4EBF-9FF5-0D8BE880EB78}"
EndProject
Global
	GlobalSection(SolutionConfigurationPlatforms) = preSolution
		Debug|Any CPU = Debug|Any CPU
		Release|Any CPU = Release|Any CPU
	EndGlobalSection
	GlobalSection(ProjectConfigurationPlatforms) = postSolution
		{406E5B7C-ACE3-4EBF-9FF5-0D8BE880EB78}.Debug|Any CPU.ActiveCfg = Debug|Any CPU
		{406E5B7C-ACE3-4EBF-9FF5-0D8BE880EB78}.Debug|Any CPU.Build.0 = Debug|Any CPU
		{406E5B7C-ACE3-4EBF-9FF5-0D8BE880EB78}.Release|Any CPU.ActiveCfg = Release|Any CPU
		{406E5B7C-ACE3-4EBF-9FF5-0D8BE880EB78}.Release|Any CPU.Build.0 = Release|Any CPU
	EndGlobalSection
	GlobalSection(SolutionProperties) = preSolution
		HideSolutionNode = FALSE
	EndGlobalSection
	GlobalSection(ExtensibilityGlobals) = postSolution
		SolutionGuid = {0E225D3F-B63E-4E94-9B27-2DDD1DE10DF6}
	EndGlobalSection
EndGlobal
