
Microsoft Visual Studio Solution File, Format Version 12.00
# Visual Studio Version 17
VisualStudioVersion = 17.4.33205.214
MinimumVisualStudioVersion = 10.0.40219.1
Project("{FAE04EC0-301F-11D3-BF4B-00C04F79EFBC}") = "CSharpExamples", "CSharpExamples\CSharpExamples.csproj", "{19BB8666-FA3D-4B0E-9345-165FA92BFE3B}"
EndProject
Project("{FAE04EC0-301F-11D3-BF4B-00C04F79EFBC}") = "CSharpExamples.Test", "CSharpExamples.Test\CSharpExamples.Test.csproj", "{53A3D407-9792-4FD8-831B-3B58840937D4}"
EndProject
Global
	GlobalSection(SolutionConfigurationPlatforms) = preSolution
		Debug|Any CPU = Debug|Any CPU
		Release|Any CPU = Release|Any CPU
	EndGlobalSection
	GlobalSection(ProjectConfigurationPlatforms) = postSolution
		{19BB8666-FA3D-4B0E-9345-165FA92BFE3B}.Debug|Any CPU.ActiveCfg = Debug|Any CPU
		{19BB8666-FA3D-4B0E-9345-165FA92BFE3B}.Debug|Any CPU.Build.0 = Debug|Any CPU
		{19BB8666-FA3D-4B0E-9345-165FA92BFE3B}.Release|Any CPU.ActiveCfg = Release|Any CPU
		{19BB8666-FA3D-4B0E-9345-165FA92BFE3B}.Release|Any CPU.Build.0 = Release|Any CPU
		{53A3D407-9792-4FD8-831B-3B58840937D4}.Debug|Any CPU.ActiveCfg = Debug|Any CPU
		{53A3D407-9792-4FD8-831B-3B58840937D4}.Debug|Any CPU.Build.0 = Debug|Any CPU
		{53A3D407-9792-4FD8-831B-3B58840937D4}.Release|Any CPU.ActiveCfg = Release|Any CPU
		{53A3D407-9792-4FD8-831B-3B58840937D4}.Release|Any CPU.Build.0 = Release|Any CPU
	EndGlobalSection
	GlobalSection(SolutionProperties) = preSolution
		HideSolutionNode = FALSE
	EndGlobalSection
	GlobalSection(ExtensibilityGlobals) = postSolution
		SolutionGuid = {C5DE7ABF-D736-4905-A838-460ECAD34BA1}
	EndGlobalSection
EndGlobal
